
Microsoft Visual Studio Solution File, Format Version 12.00
# Visual Studio Version 17
VisualStudioVersion = 17.14.36930.0
MinimumVisualStudioVersion = 10.0.40219.1
Project("{FAE04EC0-301F-11D3-BF4B-00C04F79EFBC}") = "WinFormsUI", "WinFormsUI\WinFormsUI.csproj", "{CB9B791B-96AE-4CE5-94E8-D9AD5D00398E}"
EndProject
Project("{2150E333-8FDC-42A3-9474-1A3956D46DE8}") = "Assets", "Assets", "{36D591C7-65C7-A0D1-1CBC-10CDE441BDC8}"
EndProject
Project("{FAE04EC0-301F-11D3-BF4B-00C04F79EFBC}") = "GameEngineLib", "XEngine\GameEngineLib.csproj", "{2C440BD7-D687-42C1-B467-372F195E1CB4}"
EndProject
Project("{2150E333-8FDC-42A3-9474-1A3956D46DE8}") = "Shaders", "Shaders", "{153BD177-7C80-47C7-B0A0-D9AC48942352}"
EndProject
Project("{2150E333-8FDC-42A3-9474-1A3956D46DE8}") = "Textures", "Textures", "{1A5FCDD6-8C57-4450-A158-C0BB61C3C47D}"
EndProject
Global
	GlobalSection(SolutionConfigurationPlatforms) = preSolution
		Debug|Any CPU = Debug|Any CPU
		Release|Any CPU = Release|Any CPU
	EndGlobalSection
	GlobalSection(ProjectConfigurationPlatforms) = postSolution
		{CB9B791B-96AE-4CE5-94E8-D9AD5D00398E}.Debug|Any CPU.ActiveCfg = Debug|Any CPU
		{CB9B791B-96AE-4CE5-94E8-D9AD5D00398E}.Debug|Any CPU.Build.0 = Debug|Any CPU
		{CB9B791B-96AE-4CE5-94E8-D9AD5D00398E}.Release|Any CPU.ActiveCfg = Release|Any CPU
		{CB9B791B-96AE-4CE5-94E8-D9AD5D00398E}.Release|Any CPU.Build.0 = Release|Any CPU
		{2C440BD7-D687-42C1-B467-372F195E1CB4}.Debug|Any CPU.ActiveCfg = Debug|Any CPU
		{2C440BD7-D687-42C1-B467-372F195E1CB4}.Debug|Any CPU.Build.0 = Debug|Any CPU
		{2C440BD7-D687-42C1-B467-372F195E1CB4}.Release|Any CPU.ActiveCfg = Release|Any CPU
		{2C440BD7-D687-42C1-B467-372F195E1CB4}.Release|Any CPU.Build.0 = Release|Any CPU
	EndGlobalSection
	GlobalSection(SolutionProperties) = preSolution
		HideSolutionNode = FALSE
	EndGlobalSection
	GlobalSection(NestedProjects) = preSolution
		{153BD177-7C80-47C7-B0A0-D9AC48942352} = {36D591C7-65C7-A0D1-1CBC-10CDE441BDC8}
		{1A5FCDD6-8C57-4450-A158-C0BB61C3C47D} = {36D591C7-65C7-A0D1-1CBC-10CDE441BDC8}
	EndGlobalSection
	GlobalSection(ExtensibilityGlobals) = postSolution
		SolutionGuid = {15EA6372-43F7-42E4-8558-952662656EAB}
	EndGlobalSection
EndGlobal
